
Microsoft Visual Studio Solution File, Format Version 12.00
# Visual Studio Version 17
VisualStudioVersion = 17.4.33213.308
MinimumVisualStudioVersion = 10.0.40219.1
Project("{FAE04EC0-301F-11D3-BF4B-00C04F79EFBC}") = "HelpDeskTicketSystem", "HelpDeskTicketSystem\HelpDeskTicketSystem.csproj", "{EFF2B61C-97DF-4570-8F9F-CE989645B75F}"
EndProject
Global
	GlobalSection(SolutionConfigurationPlatforms) = preSolution
		Debug|Any CPU = Debug|Any CPU
		Release|Any CPU = Release|Any CPU
	EndGlobalSection
	GlobalSection(ProjectConfigurationPlatforms) = postSolution
		{EFF2B61C-97DF-4570-8F9F-CE989645B75F}.Debug|Any CPU.ActiveCfg = Debug|Any CPU
		{EFF2B61C-97DF-4570-8F9F-CE989645B75F}.Debug|Any CPU.Build.0 = Debug|Any CPU
		{EFF2B61C-97DF-4570-8F9F-CE989645B75F}.Release|Any CPU.ActiveCfg = Release|Any CPU
		{EFF2B61C-97DF-4570-8F9F-CE989645B75F}.Release|Any CPU.Build.0 = Release|Any CPU
	EndGlobalSection
	GlobalSection(SolutionProperties) = preSolution
		HideSolutionNode = FALSE
	EndGlobalSection
	GlobalSection(ExtensibilityGlobals) = postSolution
		SolutionGuid = {5FDCC93F-32D0-4352-A392-9A98D1740DD6}
	EndGlobalSection
EndGlobal
